# This file is automatically @generated by Cargo.
# It is not intended for manual editing.
version = 3

[[package]]
name = "avrvm"
version = "0.1.0"
dependencies = [
 "iterlist",
]

[[package]]
name = "iterlist"
version = "0.5.0"
source = "registry+https://github.com/rust-lang/crates.io-index"
checksum = "a3947f196f0e13798ecd30e612f3435dd66a534e57d111f6833ff75d67a8a231"
